// !$*UTF8*$!
{
	archiveVersion = 1;
	classes = {
	};
	objectVersion = 46;
	objects = {

/* Begin PBXBuildFile section */
		1DAE1B101BF38D47004D855F /* AppDelegate.swift in Sources */ = {isa = PBXBuildFile; fileRef = 1DAE1B0F1BF38D47004D855F /* AppDelegate.swift */; };
		1DAE1B121BF38D47004D855F /* ViewController.swift in Sources */ = {isa = PBXBuildFile; fileRef = 1DAE1B111BF38D47004D855F /* ViewController.swift */; };
		1DAE1B151BF38D47004D855F /* Main.storyboard in Resources */ = {isa = PBXBuildFile; fileRef = 1DAE1B131BF38D47004D855F /* Main.storyboard */; };
		1DAE1B171BF38D47004D855F /* Assets.xcassets in Resources */ = {isa = PBXBuildFile; fileRef = 1DAE1B161BF38D47004D855F /* Assets.xcassets */; };
		1DAE1B1A1BF38D47004D855F /* LaunchScreen.storyboard in Resources */ = {isa = PBXBuildFile; fileRef = 1DAE1B181BF38D47004D855F /* LaunchScreen.storyboard */; };
		1DAE1B251BF38D47004D855F /* RecorderDemoTests.swift in Sources */ = {isa = PBXBuildFile; fileRef = 1DAE1B241BF38D47004D855F /* RecorderDemoTests.swift */; };
		1DDD40721BF3CF84005336F1 /* SWHttpTrafficRecorder.m in Sources */ = {isa = PBXBuildFile; fileRef = 1DDD40711BF3CF84005336F1 /* SWHttpTrafficRecorder.m */; settings = {ASSET_TAGS = (); }; };
/* End PBXBuildFile section */

/* Begin PBXContainerItemProxy section */
		1DAE1B211BF38D47004D855F /* PBXContainerItemProxy */ = {
			isa = PBXContainerItemProxy;
			containerPortal = 1DAE1B041BF38D47004D855F /* Project object */;
			proxyType = 1;
			remoteGlobalIDString = 1DAE1B0B1BF38D47004D855F;
			remoteInfo = RecorderDemo;
		};
/* End PBXContainerItemProxy section */

/* Begin PBXFileReference section */
		1DAE1B0C1BF38D47004D855F /* RecorderDemo.app */ = {isa = PBXFileReference; explicitFileType = wrapper.application; includeInIndex = 0; path = RecorderDemo.app; sourceTree = BUILT_PRODUCTS_DIR; };
		1DAE1B0F1BF38D47004D855F /* AppDelegate.swift */ = {isa = PBXFileReference; lastKnownFileType = sourcecode.swift; path = AppDelegate.swift; sourceTree = "<group>"; };
		1DAE1B111BF38D47004D855F /* ViewController.swift */ = {isa = PBXFileReference; lastKnownFileType = sourcecode.swift; path = ViewController.swift; sourceTree = "<group>"; };
		1DAE1B141BF38D47004D855F /* Base */ = {isa = PBXFileReference; lastKnownFileType = file.storyboard; name = Base; path = Base.lproj/Main.storyboard; sourceTree = "<group>"; };
		1DAE1B161BF38D47004D855F /* Assets.xcassets */ = {isa = PBXFileReference; lastKnownFileType = folder.assetcatalog; path = Assets.xcassets; sourceTree = "<group>"; };
		1DAE1B191BF38D47004D855F /* Base */ = {isa = PBXFileReference; lastKnownFileType = file.storyboard; name = Base; path = Base.lproj/LaunchScreen.storyboard; sourceTree = "<group>"; };
		1DAE1B1B1BF38D47004D855F /* Info.plist */ = {isa = PBXFileReference; lastKnownFileType = text.plist.xml; path = Info.plist; sourceTree = "<group>"; };
		1DAE1B201BF38D47004D855F /* RecorderDemoTests.xctest */ = {isa = PBXFileReference; explicitFileType = wrapper.cfbundle; includeInIndex = 0; path = RecorderDemoTests.xctest; sourceTree = BUILT_PRODUCTS_DIR; };
		1DAE1B241BF38D47004D855F /* RecorderDemoTests.swift */ = {isa = PBXFileReference; lastKnownFileType = sourcecode.swift; path = RecorderDemoTests.swift; sourceTree = "<group>"; };
		1DAE1B261BF38D47004D855F /* Info.plist */ = {isa = PBXFileReference; lastKnownFileType = text.plist.xml; path = Info.plist; sourceTree = "<group>"; };
		1DAE1B2F1BF3BE2B004D855F /* RecorderDemo-Bridging-Header.h */ = {isa = PBXFileReference; fileEncoding = 4; lastKnownFileType = sourcecode.c.h; path = "RecorderDemo-Bridging-Header.h"; sourceTree = "<group>"; };
		1DDD40701BF3CF84005336F1 /* SWHttpTrafficRecorder.h */ = {isa = PBXFileReference; fileEncoding = 4; lastKnownFileType = sourcecode.c.h; name = SWHttpTrafficRecorder.h; path = ../../SWHttpTrafficRecorder.h; sourceTree = "<group>"; };
		1DDD40711BF3CF84005336F1 /* SWHttpTrafficRecorder.m */ = {isa = PBXFileReference; fileEncoding = 4; lastKnownFileType = sourcecode.c.objc; name = SWHttpTrafficRecorder.m; path = ../../SWHttpTrafficRecorder.m; sourceTree = "<group>"; };
/* End PBXFileReference section */

/* Begin PBXFrameworksBuildPhase section */
		1DAE1B091BF38D47004D855F /* Frameworks */ = {
			isa = PBXFrameworksBuildPhase;
			buildActionMask = 2147483647;
			files = (
			);
			runOnlyForDeploymentPostprocessing = 0;
		};
		1DAE1B1D1BF38D47004D855F /* Frameworks */ = {
			isa = PBXFrameworksBuildPhase;
			buildActionMask = 2147483647;
			files = (
			);
			runOnlyForDeploymentPostprocessing = 0;
		};
/* End PBXFrameworksBuildPhase section */

/* Begin PBXGroup section */
		1DAE1B031BF38D47004D855F = {
			isa = PBXGroup;
			children = (
				1DAE1B0E1BF38D47004D855F /* RecorderDemo */,
				1DAE1B231BF38D47004D855F /* RecorderDemoTests */,
				1DAE1B0D1BF38D47004D855F /* Products */,
			);
			sourceTree = "<group>";
		};
		1DAE1B0D1BF38D47004D855F /* Products */ = {
			isa = PBXGroup;
			children = (
				1DAE1B0C1BF38D47004D855F /* RecorderDemo.app */,
				1DAE1B201BF38D47004D855F /* RecorderDemoTests.xctest */,
			);
			name = Products;
			sourceTree = "<group>";
		};
		1DAE1B0E1BF38D47004D855F /* RecorderDemo */ = {
			isa = PBXGroup;
			children = (
				1DAE1B301BF3BEA8004D855F /* RecoderLib */,
				1DAE1B0F1BF38D47004D855F /* AppDelegate.swift */,
				1DAE1B111BF38D47004D855F /* ViewController.swift */,
				1DAE1B131BF38D47004D855F /* Main.storyboard */,
				1DAE1B161BF38D47004D855F /* Assets.xcassets */,
				1DAE1B181BF38D47004D855F /* LaunchScreen.storyboard */,
				1DAE1B1B1BF38D47004D855F /* Info.plist */,
				1DAE1B2F1BF3BE2B004D855F /* RecorderDemo-Bridging-Header.h */,
			);
			path = RecorderDemo;
			sourceTree = "<group>";
		};
		1DAE1B231BF38D47004D855F /* RecorderDemoTests */ = {
			isa = PBXGroup;
			children = (
				1DAE1B241BF38D47004D855F /* RecorderDemoTests.swift */,
				1DAE1B261BF38D47004D855F /* Info.plist */,
			);
			path = RecorderDemoTests;
			sourceTree = "<group>";
		};
		1DAE1B301BF3BEA8004D855F /* RecoderLib */ = {
			isa = PBXGroup;
			children = (
				1DDD40701BF3CF84005336F1 /* SWHttpTrafficRecorder.h */,
				1DDD40711BF3CF84005336F1 /* SWHttpTrafficRecorder.m */,
			);
			name = RecoderLib;
			sourceTree = "<group>";
		};
/* End PBXGroup section */

/* Begin PBXNativeTarget section */
		1DAE1B0B1BF38D47004D855F /* RecorderDemo */ = {
			isa = PBXNativeTarget;
			buildConfigurationList = 1DAE1B291BF38D47004D855F /* Build configuration list for PBXNativeTarget "RecorderDemo" */;
			buildPhases = (
				1DAE1B081BF38D47004D855F /* Sources */,
				1DAE1B091BF38D47004D855F /* Frameworks */,
				1DAE1B0A1BF38D47004D855F /* Resources */,
			);
			buildRules = (
			);
			dependencies = (
			);
			name = RecorderDemo;
			productName = RecorderDemo;
			productReference = 1DAE1B0C1BF38D47004D855F /* RecorderDemo.app */;
			productType = "com.apple.product-type.application";
		};
		1DAE1B1F1BF38D47004D855F /* RecorderDemoTests */ = {
			isa = PBXNativeTarget;
			buildConfigurationList = 1DAE1B2C1BF38D47004D855F /* Build configuration list for PBXNativeTarget "RecorderDemoTests" */;
			buildPhases = (
				1DAE1B1C1BF38D47004D855F /* Sources */,
				1DAE1B1D1BF38D47004D855F /* Frameworks */,
				1DAE1B1E1BF38D47004D855F /* Resources */,
			);
			buildRules = (
			);
			dependencies = (
				1DAE1B221BF38D47004D855F /* PBXTargetDependency */,
			);
			name = RecorderDemoTests;
			productName = RecorderDemoTests;
			productReference = 1DAE1B201BF38D47004D855F /* RecorderDemoTests.xctest */;
			productType = "com.apple.product-type.bundle.unit-test";
		};
/* End PBXNativeTarget section */

/* Begin PBXProject section */
		1DAE1B041BF38D47004D855F /* Project object */ = {
			isa = PBXProject;
			attributes = {
				LastUpgradeCheck = 0700;
				ORGANIZATIONNAME = CapitalOne;
				TargetAttributes = {
					1DAE1B0B1BF38D47004D855F = {
						CreatedOnToolsVersion = 7.0;
					};
					1DAE1B1F1BF38D47004D855F = {
						CreatedOnToolsVersion = 7.0;
						TestTargetID = 1DAE1B0B1BF38D47004D855F;
					};
				};
			};
			buildConfigurationList = 1DAE1B071BF38D47004D855F /* Build configuration list for PBXProject "RecorderDemo" */;
			compatibilityVersion = "Xcode 3.2";
			developmentRegion = English;
			hasScannedForEncodings = 0;
			knownRegions = (
				en,
				Base,
			);
			mainGroup = 1DAE1B031BF38D47004D855F;
			productRefGroup = 1DAE1B0D1BF38D47004D855F /* Products */;
			projectDirPath = "";
			projectRoot = "";
			targets = (
				1DAE1B0B1BF38D47004D855F /* RecorderDemo */,
				1DAE1B1F1BF38D47004D855F /* RecorderDemoTests */,
			);
		};
/* End PBXProject section */

/* Begin PBXResourcesBuildPhase section */
		1DAE1B0A1BF38D47004D855F /* Resources */ = {
			isa = PBXResourcesBuildPhase;
			buildActionMask = 2147483647;
			files = (
				1DAE1B1A1BF38D47004D855F /* LaunchScreen.storyboard in Resources */,
				1DAE1B171BF38D47004D855F /* Assets.xcassets in Resources */,
				1DAE1B151BF38D47004D855F /* Main.storyboard in Resources */,
			);
			runOnlyForDeploymentPostprocessing = 0;
		};
		1DAE1B1E1BF38D47004D855F /* Resources */ = {
			isa = PBXResourcesBuildPhase;
			buildActionMask = 2147483647;
			files = (
			);
			runOnlyForDeploymentPostprocessing = 0;
		};
/* End PBXResourcesBuildPhase section */

/* Begin PBXSourcesBuildPhase section */
		1DAE1B081BF38D47004D855F /* Sources */ = {
			isa = PBXSourcesBuildPhase;
			buildActionMask = 2147483647;
			files = (
				1DAE1B121BF38D47004D855F /* ViewController.swift in Sources */,
				1DDD40721BF3CF84005336F1 /* SWHttpTrafficRecorder.m in Sources */,
				1DAE1B101BF38D47004D855F /* AppDelegate.swift in Sources */,
			);
			runOnlyForDeploymentPostprocessing = 0;
		};
		1DAE1B1C1BF38D47004D855F /* Sources */ = {
			isa = PBXSourcesBuildPhase;
			buildActionMask = 2147483647;
			files = (
				1DAE1B251BF38D47004D855F /* RecorderDemoTests.swift in Sources */,
			);
			runOnlyForDeploymentPostprocessing = 0;
		};
/* End PBXSourcesBuildPhase section */

/* Begin PBXTargetDependency section */
		1DAE1B221BF38D47004D855F /* PBXTargetDependency */ = {
			isa = PBXTargetDependency;
			target = 1DAE1B0B1BF38D47004D855F /* RecorderDemo */;
			targetProxy = 1DAE1B211BF38D47004D855F /* PBXContainerItemProxy */;
		};
/* End PBXTargetDependency section */

/* Begin PBXVariantGroup section */
		1DAE1B131BF38D47004D855F /* Main.storyboard */ = {
			isa = PBXVariantGroup;
			children = (
				1DAE1B141BF38D47004D855F /* Base */,
			);
			name = Main.storyboard;
			sourceTree = "<group>";
		};
		1DAE1B181BF38D47004D855F /* LaunchScreen.storyboard */ = {
			isa = PBXVariantGroup;
			children = (
				1DAE1B191BF38D47004D855F /* Base */,
			);
			name = LaunchScreen.storyboard;
			sourceTree = "<group>";
		};
/* End PBXVariantGroup section */

/* Begin XCBuildConfiguration section */
		1DAE1B271BF38D47004D855F /* Debug */ = {
			isa = XCBuildConfiguration;
			buildSettings = {
				ALWAYS_SEARCH_USER_PATHS = NO;
				CLANG_CXX_LANGUAGE_STANDARD = "gnu++0x";
				CLANG_CXX_LIBRARY = "libc++";
				CLANG_ENABLE_MODULES = YES;
				CLANG_ENABLE_OBJC_ARC = YES;
				CLANG_WARN_BOOL_CONVERSION = YES;
				CLANG_WARN_CONSTANT_CONVERSION = YES;
				CLANG_WARN_DIRECT_OBJC_ISA_USAGE = YES_ERROR;
				CLANG_WARN_EMPTY_BODY = YES;
				CLANG_WARN_ENUM_CONVERSION = YES;
				CLANG_WARN_INT_CONVERSION = YES;
				CLANG_WARN_OBJC_ROOT_CLASS = YES_ERROR;
				CLANG_WARN_UNREACHABLE_CODE = YES;
				CLANG_WARN__DUPLICATE_METHOD_MATCH = YES;
				"CODE_SIGN_IDENTITY[sdk=iphoneos*]" = "iPhone Developer";
				COPY_PHASE_STRIP = NO;
				DEBUG_INFORMATION_FORMAT = dwarf;
				ENABLE_STRICT_OBJC_MSGSEND = YES;
				ENABLE_TESTABILITY = YES;
				GCC_C_LANGUAGE_STANDARD = gnu99;
				GCC_DYNAMIC_NO_PIC = NO;
				GCC_NO_COMMON_BLOCKS = YES;
				GCC_OPTIMIZATION_LEVEL = 0;
				GCC_PREPROCESSOR_DEFINITIONS = (
					"DEBUG=1",
					"$(inherited)",
				);
				GCC_WARN_64_TO_32_BIT_CONVERSION = YES;
				GCC_WARN_ABOUT_RETURN_TYPE = YES_ERROR;
				GCC_WARN_UNDECLARED_SELECTOR = YES;
				GCC_WARN_UNINITIALIZED_AUTOS = YES_AGGRESSIVE;
				GCC_WARN_UNUSED_FUNCTION = YES;
				GCC_WARN_UNUSED_VARIABLE = YES;
				IPHONEOS_DEPLOYMENT_TARGET = 7.0;
				MTL_ENABLE_DEBUG_INFO = YES;
				ONLY_ACTIVE_ARCH = YES;
				SDKROOT = iphoneos;
				SWIFT_OPTIMIZATION_LEVEL = "-Onone";
				TARGETED_DEVICE_FAMILY = "1,2";
			};
			name = Debug;
		};
		1DAE1B281BF38D47004D855F /* Release */ = {
			isa = XCBuildConfiguration;
			buildSettings = {
				ALWAYS_SEARCH_USER_PATHS = NO;
				CLANG_CXX_LANGUAGE_STANDARD = "gnu++0x";
				CLANG_CXX_LIBRARY = "libc++";
				CLANG_ENABLE_MODULES = YES;
				CLANG_ENABLE_OBJC_ARC = YES;
				CLANG_WARN_BOOL_CONVERSION = YES;
				CLANG_WARN_CONSTANT_CONVERSION = YES;
				CLANG_WARN_DIRECT_OBJC_ISA_USAGE = YES_ERROR;
				CLANG_WARN_EMPTY_BODY = YES;
				CLANG_WARN_ENUM_CONVERSION = YES;
				CLANG_WARN_INT_CONVERSION = YES;
				CLANG_WARN_OBJC_ROOT_CLASS = YES_ERROR;
				CLANG_WARN_UNREACHABLE_CODE = YES;
				CLANG_WARN__DUPLICATE_METHOD_MATCH = YES;
				"CODE_SIGN_IDENTITY[sdk=iphoneos*]" = "iPhone Developer";
				COPY_PHASE_STRIP = NO;
				DEBUG_INFORMATION_FORMAT = "dwarf-with-dsym";
				ENABLE_NS_ASSERTIONS = NO;
				ENABLE_STRICT_OBJC_MSGSEND = YES;
				GCC_C_LANGUAGE_STANDARD = gnu99;
				GCC_NO_COMMON_BLOCKS = YES;
				GCC_WARN_64_TO_32_BIT_CONVERSION = YES;
				GCC_WARN_ABOUT_RETURN_TYPE = YES_ERROR;
				GCC_WARN_UNDECLARED_SELECTOR = YES;
				GCC_WARN_UNINITIALIZED_AUTOS = YES_AGGRESSIVE;
				GCC_WARN_UNUSED_FUNCTION = YES;
				GCC_WARN_UNUSED_VARIABLE = YES;
				IPHONEOS_DEPLOYMENT_TARGET = 7.0;
				MTL_ENABLE_DEBUG_INFO = NO;
				SDKROOT = iphoneos;
				TARGETED_DEVICE_FAMILY = "1,2";
				VALIDATE_PRODUCT = YES;
			};
			name = Release;
		};
		1DAE1B2A1BF38D47004D855F /* Debug */ = {
			isa = XCBuildConfiguration;
			buildSettings = {
				ASSETCATALOG_COMPILER_APPICON_NAME = AppIcon;
				INFOPLIST_FILE = RecorderDemo/Info.plist;
				LD_RUNPATH_SEARCH_PATHS = "$(inherited) @executable_path/Frameworks";
				PRODUCT_BUNDLE_IDENTIFIER = com.CapitalOne.RecorderDemo;
				PRODUCT_NAME = "$(TARGET_NAME)";
				SWIFT_OBJC_BRIDGING_HEADER = "RecorderDemo/RecorderDemo-Bridging-Header.h";
			};
			name = Debug;
		};
		1DAE1B2B1BF38D47004D855F /* Release */ = {
			isa = XCBuildConfiguration;
			buildSettings = {
				ASSETCATALOG_COMPILER_APPICON_NAME = AppIcon;
				INFOPLIST_FILE = RecorderDemo/Info.plist;
				LD_RUNPATH_SEARCH_PATHS = "$(inherited) @executable_path/Frameworks";
				PRODUCT_BUNDLE_IDENTIFIER = com.CapitalOne.RecorderDemo;
				PRODUCT_NAME = "$(TARGET_NAME)";
				SWIFT_OBJC_BRIDGING_HEADER = "RecorderDemo/RecorderDemo-Bridging-Header.h";
			};
			name = Release;
		};
		1DAE1B2D1BF38D47004D855F /* Debug */ = {
			isa = XCBuildConfiguration;
			buildSettings = {
				BUNDLE_LOADER = "$(TEST_HOST)";
				INFOPLIST_FILE = RecorderDemoTests/Info.plist;
				LD_RUNPATH_SEARCH_PATHS = "$(inherited) @executable_path/Frameworks @loader_path/Frameworks";
				PRODUCT_BUNDLE_IDENTIFIER = com.CapitalOne.RecorderDemoTests;
				PRODUCT_NAME = "$(TARGET_NAME)";
				TEST_HOST = "$(BUILT_PRODUCTS_DIR)/RecorderDemo.app/RecorderDemo";
			};
			name = Debug;
		};
		1DAE1B2E1BF38D47004D855F /* Release */ = {
			isa = XCBuildConfiguration;
			buildSettings = {
				BUNDLE_LOADER = "$(TEST_HOST)";
				INFOPLIST_FILE = RecorderDemoTests/Info.plist;
				LD_RUNPATH_SEARCH_PATHS = "$(inherited) @executable_path/Frameworks @loader_path/Frameworks";
				PRODUCT_BUNDLE_IDENTIFIER = com.CapitalOne.RecorderDemoTests;
				PRODUCT_NAME = "$(TARGET_NAME)";
				TEST_HOST = "$(BUILT_PRODUCTS_DIR)/RecorderDemo.app/RecorderDemo";
			};
			name = Release;
		};
/* End XCBuildConfiguration section */

/* Begin XCConfigurationList section */
		1DAE1B071BF38D47004D855F /* Build configuration list for PBXProject "RecorderDemo" */ = {
			isa = XCConfigurationList;
			buildConfigurations = (
				1DAE1B271BF38D47004D855F /* Debug */,
				1DAE1B281BF38D47004D855F /* Release */,
			);
			defaultConfigurationIsVisible = 0;
			defaultConfigurationName = Release;
		};
		1DAE1B291BF38D47004D855F /* Build configuration list for PBXNativeTarget "RecorderDemo" */ = {
			isa = XCConfigurationList;
			buildConfigurations = (
				1DAE1B2A1BF38D47004D855F /* Debug */,
				1DAE1B2B1BF38D47004D855F /* Release */,
			);
			defaultConfigurationIsVisible = 0;
			defaultConfigurationName = Release;
		};
		1DAE1B2C1BF38D47004D855F /* Build configuration list for PBXNativeTarget "RecorderDemoTests" */ = {
			isa = XCConfigurationList;
			buildConfigurations = (
				1DAE1B2D1BF38D47004D855F /* Debug */,
				1DAE1B2E1BF38D47004D855F /* Release */,
			);
			defaultConfigurationIsVisible = 0;
			defaultConfigurationName = Release;
		};
/* End XCConfigurationList section */
	};
	rootObject = 1DAE1B041BF38D47004D855F /* Project object */;
}
